
Microsoft Visual Studio Solution File, Format Version 12.00
# Visual Studio Version 16
VisualStudioVersion = 16.0.31112.23
MinimumVisualStudioVersion = 10.0.40219.1
Project("{FAE04EC0-301F-11D3-BF4B-00C04F79EFBC}") = "GetAllSource", "GetAllSource\GetAllSource.csproj", "{9EF3EEDE-294C-4F5F-B5D0-A3971D602E51}"
EndProject
Global
	GlobalSection(SolutionConfigurationPlatforms) = preSolution
		Debug|Any CPU = Debug|Any CPU
		Release|Any CPU = Release|Any CPU
	EndGlobalSection
	GlobalSection(ProjectConfigurationPlatforms) = postSolution
		{9EF3EEDE-294C-4F5F-B5D0-A3971D602E51}.Debug|Any CPU.ActiveCfg = Debug|Any CPU
		{9EF3EEDE-294C-4F5F-B5D0-A3971D602E51}.Debug|Any CPU.Build.0 = Debug|Any CPU
		{9EF3EEDE-294C-4F5F-B5D0-A3971D602E51}.Release|Any CPU.ActiveCfg = Release|Any CPU
		{9EF3EEDE-294C-4F5F-B5D0-A3971D602E51}.Release|Any CPU.Build.0 = Release|Any CPU
	EndGlobalSection
	GlobalSection(SolutionProperties) = preSolution
		HideSolutionNode = FALSE
	EndGlobalSection
	GlobalSection(ExtensibilityGlobals) = postSolution
		SolutionGuid = {53D26A52-8FBB-43DA-8FE2-4472D215FF71}
	EndGlobalSection
EndGlobal
